
Microsoft Visual Studio Solution File, Format Version 12.00
# Visual Studio Version 17
VisualStudioVersion = 17.5.33516.290
MinimumVisualStudioVersion = 10.0.40219.1
Project("{FAE04EC0-301F-11D3-BF4B-00C04F79EFBC}") = "Ordenamiento por seleecion", "Ordenamiento por seleecion\Ordenamiento por seleecion.csproj", "{C356C036-0D47-417B-AC0E-464AFB2F60FB}"
EndProject
Global
	GlobalSection(SolutionConfigurationPlatforms) = preSolution
		Debug|Any CPU = Debug|Any CPU
		Release|Any CPU = Release|Any CPU
	EndGlobalSection
	GlobalSection(ProjectConfigurationPlatforms) = postSolution
		{C356C036-0D47-417B-AC0E-464AFB2F60FB}.Debug|Any CPU.ActiveCfg = Debug|Any CPU
		{C356C036-0D47-417B-AC0E-464AFB2F60FB}.Debug|Any CPU.Build.0 = Debug|Any CPU
		{C356C036-0D47-417B-AC0E-464AFB2F60FB}.Release|Any CPU.ActiveCfg = Release|Any CPU
		{C356C036-0D47-417B-AC0E-464AFB2F60FB}.Release|Any CPU.Build.0 = Release|Any CPU
	EndGlobalSection
	GlobalSection(SolutionProperties) = preSolution
		HideSolutionNode = FALSE
	EndGlobalSection
	GlobalSection(ExtensibilityGlobals) = postSolution
		SolutionGuid = {44F2A527-9755-4ED6-B5F4-E5FC4D736C36}
	EndGlobalSection
EndGlobal
